
Microsoft Visual Studio Solution File, Format Version 12.00
# Visual Studio Version 17
VisualStudioVersion = 17.14.36511.14
MinimumVisualStudioVersion = 10.0.40219.1
Project("{FAE04EC0-301F-11D3-BF4B-00C04F79EFBC}") = "FinanceManagement.Web", "FinanceManagement.Web.csproj", "{DD438424-B087-466C-8ECC-F9182331728A}"
EndProject
Project("{FAE04EC0-301F-11D3-BF4B-00C04F79EFBC}") = "FinanceManagement.Core", "..\FinanceManagement.Core\FinanceManagement.Core.csproj", "{B838D647-C201-4FDC-BD0E-EA66C84D925E}"
EndProject
Project("{FAE04EC0-301F-11D3-BF4B-00C04F79EFBC}") = "FinanceManagement.Application", "..\FinanceManagement.Application\FinanceManagement.Application.csproj", "{E6C73E06-DF6C-463C-92C3-093B7EF629CE}"
EndProject
Project("{FAE04EC0-301F-11D3-BF4B-00C04F79EFBC}") = "FinanceManagement.Infrastructure", "..\FinanceManagement.Infrastructure\FinanceManagement.Infrastructure.csproj", "{B4F13F4F-9CD5-4783-B0B3-DF9747E406A8}"
EndProject
Project("{FAE04EC0-301F-11D3-BF4B-00C04F79EFBC}") = "FinanceManagement.Processor", "..\Automated\FinanceManagement.Processor.csproj", "{BC77E8F1-594D-4F90-B20C-9F4B876E77F7}"
EndProject
Global
	GlobalSection(SolutionConfigurationPlatforms) = preSolution
		Debug|Any CPU = Debug|Any CPU
		Release|Any CPU = Release|Any CPU
	EndGlobalSection
	GlobalSection(ProjectConfigurationPlatforms) = postSolution
		{DD438424-B087-466C-8ECC-F9182331728A}.Debug|Any CPU.ActiveCfg = Debug|Any CPU
		{DD438424-B087-466C-8ECC-F9182331728A}.Debug|Any CPU.Build.0 = Debug|Any CPU
		{DD438424-B087-466C-8ECC-F9182331728A}.Release|Any CPU.ActiveCfg = Release|Any CPU
		{DD438424-B087-466C-8ECC-F9182331728A}.Release|Any CPU.Build.0 = Release|Any CPU
		{B838D647-C201-4FDC-BD0E-EA66C84D925E}.Debug|Any CPU.ActiveCfg = Debug|Any CPU
		{B838D647-C201-4FDC-BD0E-EA66C84D925E}.Debug|Any CPU.Build.0 = Debug|Any CPU
		{B838D647-C201-4FDC-BD0E-EA66C84D925E}.Release|Any CPU.ActiveCfg = Release|Any CPU
		{B838D647-C201-4FDC-BD0E-EA66C84D925E}.Release|Any CPU.Build.0 = Release|Any CPU
		{E6C73E06-DF6C-463C-92C3-093B7EF629CE}.Debug|Any CPU.ActiveCfg = Debug|Any CPU
		{E6C73E06-DF6C-463C-92C3-093B7EF629CE}.Debug|Any CPU.Build.0 = Debug|Any CPU
		{E6C73E06-DF6C-463C-92C3-093B7EF629CE}.Release|Any CPU.ActiveCfg = Release|Any CPU
		{E6C73E06-DF6C-463C-92C3-093B7EF629CE}.Release|Any CPU.Build.0 = Release|Any CPU
		{B4F13F4F-9CD5-4783-B0B3-DF9747E406A8}.Debug|Any CPU.ActiveCfg = Debug|Any CPU
		{B4F13F4F-9CD5-4783-B0B3-DF9747E406A8}.Debug|Any CPU.Build.0 = Debug|Any CPU
		{B4F13F4F-9CD5-4783-B0B3-DF9747E406A8}.Release|Any CPU.ActiveCfg = Release|Any CPU
		{B4F13F4F-9CD5-4783-B0B3-DF9747E406A8}.Release|Any CPU.Build.0 = Release|Any CPU
		{BC77E8F1-594D-4F90-B20C-9F4B876E77F7}.Debug|Any CPU.ActiveCfg = Debug|Any CPU
		{BC77E8F1-594D-4F90-B20C-9F4B876E77F7}.Debug|Any CPU.Build.0 = Debug|Any CPU
		{BC77E8F1-594D-4F90-B20C-9F4B876E77F7}.Release|Any CPU.ActiveCfg = Release|Any CPU
		{BC77E8F1-594D-4F90-B20C-9F4B876E77F7}.Release|Any CPU.Build.0 = Release|Any CPU
	EndGlobalSection
	GlobalSection(SolutionProperties) = preSolution
		HideSolutionNode = FALSE
	EndGlobalSection
	GlobalSection(ExtensibilityGlobals) = postSolution
		SolutionGuid = {E490AAD7-4F5B-4A73-BB1B-3687676E022B}
	EndGlobalSection
EndGlobal
